
Microsoft Visual Studio Solution File, Format Version 12.00
Project("{2150E333-8FDC-42A3-9474-1A3956D46DE8}") = "Framework", "Framework", "{36643531-468F-4AFA-B8E5-8E1CCB7AFA53}"
EndProject
Project("{FAE04EC0-301F-11D3-BF4B-00C04F79EFBC}") = "pandx.Wheel", "pandx.Wheel\pandx.Wheel.csproj", "{3D892FB8-D0D1-4EA9-B5BC-218F91AF52CF}"
EndProject
Project("{FAE04EC0-301F-11D3-BF4B-00C04F79EFBC}") = "pandx.Wheel.Persistence", "pandx.Wheel.Persistence\pandx.Wheel.Persistence.csproj", "{3B5C6300-8B1B-45A6-A5B9-1FD529FE60C8}"
EndProject
Project("{2150E333-8FDC-42A3-9474-1A3956D46DE8}") = "Sample", "Sample", "{D9918035-3A9F-4FCB-8CD6-8D9179041AB9}"
EndProject
Project("{FAE04EC0-301F-11D3-BF4B-00C04F79EFBC}") = "Sample.EntityFrameworkCore", "Sample.EntityFrameworkCore\Sample.EntityFrameworkCore.csproj", "{4D78D5F2-7676-40A2-9DB4-1B640239B045}"
EndProject
Project("{FAE04EC0-301F-11D3-BF4B-00C04F79EFBC}") = "Sample.Domain", "Sample.Domain\Sample.Domain.csproj", "{0087E019-99C8-4365-84A5-F601DCE4F0D1}"
EndProject
Project("{FAE04EC0-301F-11D3-BF4B-00C04F79EFBC}") = "Sample.Application", "Sample.Application\Sample.Application.csproj", "{5F94CFF5-5820-4C93-BDD6-67E18AF50397}"
EndProject
Project("{FAE04EC0-301F-11D3-BF4B-00C04F79EFBC}") = "Sample.Host", "Sample.Host\Sample.Host.csproj", "{2F8DF3BF-8728-47F6-9CBA-D074F9423909}"
EndProject
Project("{FAE04EC0-301F-11D3-BF4B-00C04F79EFBC}") = "Sample.Host.WebAPI", "Sample.Host.WebAPI\Sample.Host.WebAPI.csproj", "{1991D508-94BA-4E74-A38F-F2C228E55D7B}"
EndProject
Project("{2150E333-8FDC-42A3-9474-1A3956D46DE8}") = "Test", "Test", "{CAFDB8F8-D5EC-401E-B15A-1EBA3E376066}"
EndProject
Project("{FAE04EC0-301F-11D3-BF4B-00C04F79EFBC}") = "Sample.Test", "Sample.Test\Sample.Test.csproj", "{E9440AA0-B1A9-4612-8EEB-F819FDE9E8A4}"
EndProject
Global
	GlobalSection(SolutionConfigurationPlatforms) = preSolution
		Debug|Any CPU = Debug|Any CPU
		Release|Any CPU = Release|Any CPU
	EndGlobalSection
	GlobalSection(ProjectConfigurationPlatforms) = postSolution
		{3D892FB8-D0D1-4EA9-B5BC-218F91AF52CF}.Debug|Any CPU.ActiveCfg = Debug|Any CPU
		{3D892FB8-D0D1-4EA9-B5BC-218F91AF52CF}.Debug|Any CPU.Build.0 = Debug|Any CPU
		{3D892FB8-D0D1-4EA9-B5BC-218F91AF52CF}.Release|Any CPU.ActiveCfg = Release|Any CPU
		{3D892FB8-D0D1-4EA9-B5BC-218F91AF52CF}.Release|Any CPU.Build.0 = Release|Any CPU
		{3B5C6300-8B1B-45A6-A5B9-1FD529FE60C8}.Debug|Any CPU.ActiveCfg = Debug|Any CPU
		{3B5C6300-8B1B-45A6-A5B9-1FD529FE60C8}.Debug|Any CPU.Build.0 = Debug|Any CPU
		{3B5C6300-8B1B-45A6-A5B9-1FD529FE60C8}.Release|Any CPU.ActiveCfg = Release|Any CPU
		{3B5C6300-8B1B-45A6-A5B9-1FD529FE60C8}.Release|Any CPU.Build.0 = Release|Any CPU
		{4D78D5F2-7676-40A2-9DB4-1B640239B045}.Debug|Any CPU.ActiveCfg = Debug|Any CPU
		{4D78D5F2-7676-40A2-9DB4-1B640239B045}.Debug|Any CPU.Build.0 = Debug|Any CPU
		{4D78D5F2-7676-40A2-9DB4-1B640239B045}.Release|Any CPU.ActiveCfg = Release|Any CPU
		{4D78D5F2-7676-40A2-9DB4-1B640239B045}.Release|Any CPU.Build.0 = Release|Any CPU
		{0087E019-99C8-4365-84A5-F601DCE4F0D1}.Debug|Any CPU.ActiveCfg = Debug|Any CPU
		{0087E019-99C8-4365-84A5-F601DCE4F0D1}.Debug|Any CPU.Build.0 = Debug|Any CPU
		{0087E019-99C8-4365-84A5-F601DCE4F0D1}.Release|Any CPU.ActiveCfg = Release|Any CPU
		{0087E019-99C8-4365-84A5-F601DCE4F0D1}.Release|Any CPU.Build.0 = Release|Any CPU
		{5F94CFF5-5820-4C93-BDD6-67E18AF50397}.Debug|Any CPU.ActiveCfg = Debug|Any CPU
		{5F94CFF5-5820-4C93-BDD6-67E18AF50397}.Debug|Any CPU.Build.0 = Debug|Any CPU
		{5F94CFF5-5820-4C93-BDD6-67E18AF50397}.Release|Any CPU.ActiveCfg = Release|Any CPU
		{5F94CFF5-5820-4C93-BDD6-67E18AF50397}.Release|Any CPU.Build.0 = Release|Any CPU
		{2F8DF3BF-8728-47F6-9CBA-D074F9423909}.Debug|Any CPU.ActiveCfg = Debug|Any CPU
		{2F8DF3BF-8728-47F6-9CBA-D074F9423909}.Debug|Any CPU.Build.0 = Debug|Any CPU
		{2F8DF3BF-8728-47F6-9CBA-D074F9423909}.Release|Any CPU.ActiveCfg = Release|Any CPU
		{2F8DF3BF-8728-47F6-9CBA-D074F9423909}.Release|Any CPU.Build.0 = Release|Any CPU
		{1991D508-94BA-4E74-A38F-F2C228E55D7B}.Debug|Any CPU.ActiveCfg = Debug|Any CPU
		{1991D508-94BA-4E74-A38F-F2C228E55D7B}.Debug|Any CPU.Build.0 = Debug|Any CPU
		{1991D508-94BA-4E74-A38F-F2C228E55D7B}.Release|Any CPU.ActiveCfg = Release|Any CPU
		{1991D508-94BA-4E74-A38F-F2C228E55D7B}.Release|Any CPU.Build.0 = Release|Any CPU
		{E9440AA0-B1A9-4612-8EEB-F819FDE9E8A4}.Debug|Any CPU.ActiveCfg = Debug|Any CPU
		{E9440AA0-B1A9-4612-8EEB-F819FDE9E8A4}.Debug|Any CPU.Build.0 = Debug|Any CPU
		{E9440AA0-B1A9-4612-8EEB-F819FDE9E8A4}.Release|Any CPU.ActiveCfg = Release|Any CPU
		{E9440AA0-B1A9-4612-8EEB-F819FDE9E8A4}.Release|Any CPU.Build.0 = Release|Any CPU
	EndGlobalSection
	GlobalSection(NestedProjects) = preSolution
		{3D892FB8-D0D1-4EA9-B5BC-218F91AF52CF} = {36643531-468F-4AFA-B8E5-8E1CCB7AFA53}
		{3B5C6300-8B1B-45A6-A5B9-1FD529FE60C8} = {36643531-468F-4AFA-B8E5-8E1CCB7AFA53}
		{4D78D5F2-7676-40A2-9DB4-1B640239B045} = {D9918035-3A9F-4FCB-8CD6-8D9179041AB9}
		{0087E019-99C8-4365-84A5-F601DCE4F0D1} = {D9918035-3A9F-4FCB-8CD6-8D9179041AB9}
		{5F94CFF5-5820-4C93-BDD6-67E18AF50397} = {D9918035-3A9F-4FCB-8CD6-8D9179041AB9}
		{2F8DF3BF-8728-47F6-9CBA-D074F9423909} = {D9918035-3A9F-4FCB-8CD6-8D9179041AB9}
		{1991D508-94BA-4E74-A38F-F2C228E55D7B} = {D9918035-3A9F-4FCB-8CD6-8D9179041AB9}
		{E9440AA0-B1A9-4612-8EEB-F819FDE9E8A4} = {CAFDB8F8-D5EC-401E-B15A-1EBA3E376066}
	EndGlobalSection
EndGlobal
